// !$*UTF8*$!
{
	archiveVersion = 1;
	classes = {
	};
	objectVersion = 77;
	objects = {

/* Begin PBXContainerItemProxy section */
		2598E5012D419C8700ED5595 /* PBXContainerItemProxy */ = {
			isa = PBXContainerItemProxy;
			containerPortal = 2598E4E82D419C8500ED5595 /* Project object */;
			proxyType = 1;
			remoteGlobalIDString = 2598E4EF2D419C8500ED5595;
			remoteInfo = LifespanArduino;
		};
		2598E50B2D419C8700ED5595 /* PBXContainerItemProxy */ = {
			isa = PBXContainerItemProxy;
			containerPortal = 2598E4E82D419C8500ED5595 /* Project object */;
			proxyType = 1;
			remoteGlobalIDString = 2598E4EF2D419C8500ED5595;
			remoteInfo = LifespanArduino;
		};
/* End PBXContainerItemProxy section */

/* Begin PBXFileReference section */
		2598E4F02D419C8600ED5595 /* TreadSpan.app */ = {isa = PBXFileReference; explicitFileType = wrapper.application; includeInIndex = 0; path = TreadSpan.app; sourceTree = BUILT_PRODUCTS_DIR; };
		2598E5002D419C8700ED5595 /* LifespanArduinoTests.xctest */ = {isa = PBXFileReference; explicitFileType = wrapper.cfbundle; includeInIndex = 0; path = LifespanArduinoTests.xctest; sourceTree = BUILT_PRODUCTS_DIR; };
		2598E50A2D419C8700ED5595 /* LifespanArduinoUITests.xctest */ = {isa = PBXFileReference; explicitFileType = wrapper.cfbundle; includeInIndex = 0; path = LifespanArduinoUITests.xctest; sourceTree = BUILT_PRODUCTS_DIR; };
/* End PBXFileReference section */

/* Begin PBXFileSystemSynchronizedRootGroup section */
		2598E4F22D419C8600ED5595 /* LifespanArduino */ = {
			isa = PBXFileSystemSynchronizedRootGroup;
			path = LifespanArduino;
			sourceTree = "<group>";
		};
		2598E5032D419C8700ED5595 /* LifespanArduinoTests */ = {
			isa = PBXFileSystemSynchronizedRootGroup;
			path = LifespanArduinoTests;
			sourceTree = "<group>";
		};
		2598E50D2D419C8700ED5595 /* LifespanArduinoUITests */ = {
			isa = PBXFileSystemSynchronizedRootGroup;
			path = LifespanArduinoUITests;
			sourceTree = "<group>";
		};
/* End PBXFileSystemSynchronizedRootGroup section */

/* Begin PBXFrameworksBuildPhase section */
		2598E4ED2D419C8500ED5595 /* Frameworks */ = {
			isa = PBXFrameworksBuildPhase;
			buildActionMask = 2147483647;
			files = (
			);
			runOnlyForDeploymentPostprocessing = 0;
		};
		2598E4FD2D419C8700ED5595 /* Frameworks */ = {
			isa = PBXFrameworksBuildPhase;
			buildActionMask = 2147483647;
			files = (
			);
			runOnlyForDeploymentPostprocessing = 0;
		};
		2598E5072D419C8700ED5595 /* Frameworks */ = {
			isa = PBXFrameworksBuildPhase;
			buildActionMask = 2147483647;
			files = (
			);
			runOnlyForDeploymentPostprocessing = 0;
		};
/* End PBXFrameworksBuildPhase section */

/* Begin PBXGroup section */
		2598E4E72D419C8500ED5595 = {
			isa = PBXGroup;
			children = (
				2598E4F22D419C8600ED5595 /* LifespanArduino */,
				2598E5032D419C8700ED5595 /* LifespanArduinoTests */,
				2598E50D2D419C8700ED5595 /* LifespanArduinoUITests */,
				2598E4F12D419C8600ED5595 /* Products */,
			);
			sourceTree = "<group>";
		};
		2598E4F12D419C8600ED5595 /* Products */ = {
			isa = PBXGroup;
			children = (
				2598E4F02D419C8600ED5595 /* TreadSpan.app */,
				2598E5002D419C8700ED5595 /* LifespanArduinoTests.xctest */,
				2598E50A2D419C8700ED5595 /* LifespanArduinoUITests.xctest */,
			);
			name = Products;
			sourceTree = "<group>";
		};
/* End PBXGroup section */

/* Begin PBXNativeTarget section */
		2598E4EF2D419C8500ED5595 /* TreadSpan */ = {
			isa = PBXNativeTarget;
			buildConfigurationList = 2598E5142D419C8700ED5595 /* Build configuration list for PBXNativeTarget "TreadSpan" */;
			buildPhases = (
				2598E4EC2D419C8500ED5595 /* Sources */,
				2598E4ED2D419C8500ED5595 /* Frameworks */,
				2598E4EE2D419C8500ED5595 /* Resources */,
			);
			buildRules = (
			);
			dependencies = (
			);
			fileSystemSynchronizedGroups = (
				2598E4F22D419C8600ED5595 /* LifespanArduino */,
			);
			name = TreadSpan;
			packageProductDependencies = (
			);
			productName = LifespanArduino;
			productReference = 2598E4F02D419C8600ED5595 /* TreadSpan.app */;
			productType = "com.apple.product-type.application";
		};
		2598E4FF2D419C8700ED5595 /* LifespanArduinoTests */ = {
			isa = PBXNativeTarget;
			buildConfigurationList = 2598E5172D419C8700ED5595 /* Build configuration list for PBXNativeTarget "LifespanArduinoTests" */;
			buildPhases = (
				2598E4FC2D419C8700ED5595 /* Sources */,
				2598E4FD2D419C8700ED5595 /* Frameworks */,
				2598E4FE2D419C8700ED5595 /* Resources */,
			);
			buildRules = (
			);
			dependencies = (
				2598E5022D419C8700ED5595 /* PBXTargetDependency */,
			);
			fileSystemSynchronizedGroups = (
				2598E5032D419C8700ED5595 /* LifespanArduinoTests */,
			);
			name = LifespanArduinoTests;
			packageProductDependencies = (
			);
			productName = LifespanArduinoTests;
			productReference = 2598E5002D419C8700ED5595 /* LifespanArduinoTests.xctest */;
			productType = "com.apple.product-type.bundle.unit-test";
		};
		2598E5092D419C8700ED5595 /* LifespanArduinoUITests */ = {
			isa = PBXNativeTarget;
			buildConfigurationList = 2598E51A2D419C8700ED5595 /* Build configuration list for PBXNativeTarget "LifespanArduinoUITests" */;
			buildPhases = (
				2598E5062D419C8700ED5595 /* Sources */,
				2598E5072D419C8700ED5595 /* Frameworks */,
				2598E5082D419C8700ED5595 /* Resources */,
			);
			buildRules = (
			);
			dependencies = (
				2598E50C2D419C8700ED5595 /* PBXTargetDependency */,
			);
			fileSystemSynchronizedGroups = (
				2598E50D2D419C8700ED5595 /* LifespanArduinoUITests */,
			);
			name = LifespanArduinoUITests;
			packageProductDependencies = (
			);
			productName = LifespanArduinoUITests;
			productReference = 2598E50A2D419C8700ED5595 /* LifespanArduinoUITests.xctest */;
			productType = "com.apple.product-type.bundle.ui-testing";
		};
/* End PBXNativeTarget section */

/* Begin PBXProject section */
		2598E4E82D419C8500ED5595 /* Project object */ = {
			isa = PBXProject;
			attributes = {
				BuildIndependentTargetsInParallel = 1;
				LastSwiftUpdateCheck = 1620;
				LastUpgradeCheck = 1620;
				TargetAttributes = {
					2598E4EF2D419C8500ED5595 = {
						CreatedOnToolsVersion = 16.2;
					};
					2598E4FF2D419C8700ED5595 = {
						CreatedOnToolsVersion = 16.2;
						TestTargetID = 2598E4EF2D419C8500ED5595;
					};
					2598E5092D419C8700ED5595 = {
						CreatedOnToolsVersion = 16.2;
						TestTargetID = 2598E4EF2D419C8500ED5595;
					};
				};
			};
			buildConfigurationList = 2598E4EB2D419C8500ED5595 /* Build configuration list for PBXProject "LifespanArduino" */;
			developmentRegion = en;
			hasScannedForEncodings = 0;
			knownRegions = (
				en,
				Base,
			);
			mainGroup = 2598E4E72D419C8500ED5595;
			minimizedProjectReferenceProxies = 1;
			preferredProjectObjectVersion = 77;
			productRefGroup = 2598E4F12D419C8600ED5595 /* Products */;
			projectDirPath = "";
			projectRoot = "";
			targets = (
				2598E4EF2D419C8500ED5595 /* TreadSpan */,
				2598E4FF2D419C8700ED5595 /* LifespanArduinoTests */,
				2598E5092D419C8700ED5595 /* LifespanArduinoUITests */,
			);
		};
/* End PBXProject section */

/* Begin PBXResourcesBuildPhase section */
		2598E4EE2D419C8500ED5595 /* Resources */ = {
			isa = PBXResourcesBuildPhase;
			buildActionMask = 2147483647;
			files = (
			);
			runOnlyForDeploymentPostprocessing = 0;
		};
		2598E4FE2D419C8700ED5595 /* Resources */ = {
			isa = PBXResourcesBuildPhase;
			buildActionMask = 2147483647;
			files = (
			);
			runOnlyForDeploymentPostprocessing = 0;
		};
		2598E5082D419C8700ED5595 /* Resources */ = {
			isa = PBXResourcesBuildPhase;
			buildActionMask = 2147483647;
			files = (
			);
			runOnlyForDeploymentPostprocessing = 0;
		};
/* End PBXResourcesBuildPhase section */

/* Begin PBXSourcesBuildPhase section */
		2598E4EC2D419C8500ED5595 /* Sources */ = {
			isa = PBXSourcesBuildPhase;
			buildActionMask = 2147483647;
			files = (
			);
			runOnlyForDeploymentPostprocessing = 0;
		};
		2598E4FC2D419C8700ED5595 /* Sources */ = {
			isa = PBXSourcesBuildPhase;
			buildActionMask = 2147483647;
			files = (
			);
			runOnlyForDeploymentPostprocessing = 0;
		};
		2598E5062D419C8700ED5595 /* Sources */ = {
			isa = PBXSourcesBuildPhase;
			buildActionMask = 2147483647;
			files = (
			);
			runOnlyForDeploymentPostprocessing = 0;
		};
/* End PBXSourcesBuildPhase section */

/* Begin PBXTargetDependency section */
		2598E5022D419C8700ED5595 /* PBXTargetDependency */ = {
			isa = PBXTargetDependency;
			target = 2598E4EF2D419C8500ED5595 /* TreadSpan */;
			targetProxy = 2598E5012D419C8700ED5595 /* PBXContainerItemProxy */;
		};
		2598E50C2D419C8700ED5595 /* PBXTargetDependency */ = {
			isa = PBXTargetDependency;
			target = 2598E4EF2D419C8500ED5595 /* TreadSpan */;
			targetProxy = 2598E50B2D419C8700ED5595 /* PBXContainerItemProxy */;
		};
/* End PBXTargetDependency section */

/* Begin XCBuildConfiguration section */
		2598E5122D419C8700ED5595 /* Debug */ = {
			isa = XCBuildConfiguration;
			buildSettings = {
				ALWAYS_SEARCH_USER_PATHS = NO;
				ASSETCATALOG_COMPILER_GENERATE_SWIFT_ASSET_SYMBOL_EXTENSIONS = YES;
				CLANG_ANALYZER_NONNULL = YES;
				CLANG_ANALYZER_NUMBER_OBJECT_CONVERSION = YES_AGGRESSIVE;
				CLANG_CXX_LANGUAGE_STANDARD = "gnu++20";
				CLANG_ENABLE_MODULES = YES;
				CLANG_ENABLE_OBJC_ARC = YES;
				CLANG_ENABLE_OBJC_WEAK = YES;
				CLANG_WARN_BLOCK_CAPTURE_AUTORELEASING = YES;
				CLANG_WARN_BOOL_CONVERSION = YES;
				CLANG_WARN_COMMA = YES;
				CLANG_WARN_CONSTANT_CONVERSION = YES;
				CLANG_WARN_DEPRECATED_OBJC_IMPLEMENTATIONS = YES;
				CLANG_WARN_DIRECT_OBJC_ISA_USAGE = YES_ERROR;
				CLANG_WARN_DOCUMENTATION_COMMENTS = YES;
				CLANG_WARN_EMPTY_BODY = YES;
				CLANG_WARN_ENUM_CONVERSION = YES;
				CLANG_WARN_INFINITE_RECURSION = YES;
				CLANG_WARN_INT_CONVERSION = YES;
				CLANG_WARN_NON_LITERAL_NULL_CONVERSION = YES;
				CLANG_WARN_OBJC_IMPLICIT_RETAIN_SELF = YES;
				CLANG_WARN_OBJC_LITERAL_CONVERSION = YES;
				CLANG_WARN_OBJC_ROOT_CLASS = YES_ERROR;
				CLANG_WARN_QUOTED_INCLUDE_IN_FRAMEWORK_HEADER = YES;
				CLANG_WARN_RANGE_LOOP_ANALYSIS = YES;
				CLANG_WARN_STRICT_PROTOTYPES = YES;
				CLANG_WARN_SUSPICIOUS_MOVE = YES;
				CLANG_WARN_UNGUARDED_AVAILABILITY = YES_AGGRESSIVE;
				CLANG_WARN_UNREACHABLE_CODE = YES;
				CLANG_WARN__DUPLICATE_METHOD_MATCH = YES;
				COPY_PHASE_STRIP = NO;
				DEBUG_INFORMATION_FORMAT = dwarf;
				ENABLE_STRICT_OBJC_MSGSEND = YES;
				ENABLE_TESTABILITY = YES;
				ENABLE_USER_SCRIPT_SANDBOXING = YES;
				GCC_C_LANGUAGE_STANDARD = gnu17;
				GCC_DYNAMIC_NO_PIC = NO;
				GCC_NO_COMMON_BLOCKS = YES;
				GCC_OPTIMIZATION_LEVEL = 0;
				GCC_PREPROCESSOR_DEFINITIONS = (
					"DEBUG=1",
					"$(inherited)",
				);
				GCC_WARN_64_TO_32_BIT_CONVERSION = YES;
				GCC_WARN_ABOUT_RETURN_TYPE = YES_ERROR;
				GCC_WARN_UNDECLARED_SELECTOR = YES;
				GCC_WARN_UNINITIALIZED_AUTOS = YES_AGGRESSIVE;
				GCC_WARN_UNUSED_FUNCTION = YES;
				GCC_WARN_UNUSED_VARIABLE = YES;
				IPHONEOS_DEPLOYMENT_TARGET = 18.0;
				LOCALIZATION_PREFERS_STRING_CATALOGS = YES;
				MTL_ENABLE_DEBUG_INFO = INCLUDE_SOURCE;
				MTL_FAST_MATH = YES;
				ONLY_ACTIVE_ARCH = YES;
				SDKROOT = iphoneos;
				SWIFT_ACTIVE_COMPILATION_CONDITIONS = "DEBUG $(inherited)";
				SWIFT_OPTIMIZATION_LEVEL = "-Onone";
			};
			name = Debug;
		};
		2598E5132D419C8700ED5595 /* Release */ = {
			isa = XCBuildConfiguration;
			buildSettings = {
				ALWAYS_SEARCH_USER_PATHS = NO;
				ASSETCATALOG_COMPILER_GENERATE_SWIFT_ASSET_SYMBOL_EXTENSIONS = YES;
				CLANG_ANALYZER_NONNULL = YES;
				CLANG_ANALYZER_NUMBER_OBJECT_CONVERSION = YES_AGGRESSIVE;
				CLANG_CXX_LANGUAGE_STANDARD = "gnu++20";
				CLANG_ENABLE_MODULES = YES;
				CLANG_ENABLE_OBJC_ARC = YES;
				CLANG_ENABLE_OBJC_WEAK = YES;
				CLANG_WARN_BLOCK_CAPTURE_AUTORELEASING = YES;
				CLANG_WARN_BOOL_CONVERSION = YES;
				CLANG_WARN_COMMA = YES;
				CLANG_WARN_CONSTANT_CONVERSION = YES;
				CLANG_WARN_DEPRECATED_OBJC_IMPLEMENTATIONS = YES;
				CLANG_WARN_DIRECT_OBJC_ISA_USAGE = YES_ERROR;
				CLANG_WARN_DOCUMENTATION_COMMENTS = YES;
				CLANG_WARN_EMPTY_BODY = YES;
				CLANG_WARN_ENUM_CONVERSION = YES;
				CLANG_WARN_INFINITE_RECURSION = YES;
				CLANG_WARN_INT_CONVERSION = YES;
				CLANG_WARN_NON_LITERAL_NULL_CONVERSION = YES;
				CLANG_WARN_OBJC_IMPLICIT_RETAIN_SELF = YES;
				CLANG_WARN_OBJC_LITERAL_CONVERSION = YES;
				CLANG_WARN_OBJC_ROOT_CLASS = YES_ERROR;
				CLANG_WARN_QUOTED_INCLUDE_IN_FRAMEWORK_HEADER = YES;
				CLANG_WARN_RANGE_LOOP_ANALYSIS = YES;
				CLANG_WARN_STRICT_PROTOTYPES = YES;
				CLANG_WARN_SUSPICIOUS_MOVE = YES;
				CLANG_WARN_UNGUARDED_AVAILABILITY = YES_AGGRESSIVE;
				CLANG_WARN_UNREACHABLE_CODE = YES;
				CLANG_WARN__DUPLICATE_METHOD_MATCH = YES;
				COPY_PHASE_STRIP = NO;
				DEBUG_INFORMATION_FORMAT = "dwarf-with-dsym";
				ENABLE_NS_ASSERTIONS = NO;
				ENABLE_STRICT_OBJC_MSGSEND = YES;
				ENABLE_USER_SCRIPT_SANDBOXING = YES;
				GCC_C_LANGUAGE_STANDARD = gnu17;
				GCC_NO_COMMON_BLOCKS = YES;
				GCC_WARN_64_TO_32_BIT_CONVERSION = YES;
				GCC_WARN_ABOUT_RETURN_TYPE = YES_ERROR;
				GCC_WARN_UNDECLARED_SELECTOR = YES;
				GCC_WARN_UNINITIALIZED_AUTOS = YES_AGGRESSIVE;
				GCC_WARN_UNUSED_FUNCTION = YES;
				GCC_WARN_UNUSED_VARIABLE = YES;
				"INFOPLIST_FILE[sdk=*]" = "";
				IPHONEOS_DEPLOYMENT_TARGET = 18.0;
				LOCALIZATION_PREFERS_STRING_CATALOGS = YES;
				MTL_ENABLE_DEBUG_INFO = NO;
				MTL_FAST_MATH = YES;
				SDKROOT = iphoneos;
				SWIFT_COMPILATION_MODE = wholemodule;
				VALIDATE_PRODUCT = YES;
			};
			name = Release;
		};
		2598E5152D419C8700ED5595 /* Debug */ = {
			isa = XCBuildConfiguration;
			buildSettings = {
				ASSETCATALOG_COMPILER_APPICON_NAME = AppIcon;
				ASSETCATALOG_COMPILER_GLOBAL_ACCENT_COLOR_NAME = AccentColor;
				CODE_SIGN_ENTITLEMENTS = LifespanArduino/LifespanArduino.entitlements;
				CODE_SIGN_STYLE = Automatic;
				CURRENT_PROJECT_VERSION = 1;
				DEVELOPMENT_ASSET_PATHS = "\"LifespanArduino/Preview Content\"";
				DEVELOPMENT_TEAM = 6KSF5CJPD6;
				ENABLE_PREVIEWS = YES;
				GENERATE_INFOPLIST_FILE = YES;
				INFOPLIST_KEY_LSApplicationCategoryType = "public.app-category.healthcare-fitness";
				INFOPLIST_KEY_NSBluetoothAlwaysUsageDescription = "This app uses Bluetooth to connect to the arduino micro data logger and sync sessions.";
				INFOPLIST_KEY_NSBluetoothPeripheralUsageDescription = "This app uses Bluetooth to connect to your treadmill and sync sessions.";
				INFOPLIST_KEY_NSHealthShareUsageDescription = "This app gets step counts so it can show you a percentage of how many steps you did via your treadmill vs how many you did via other sources.";
				INFOPLIST_KEY_NSHealthUpdateUsageDescription = "This app writes steps from your treadmill that were logged by the Arduino hardware to HealthKit.";
				INFOPLIST_KEY_UIApplicationSceneManifest_Generation = YES;
				INFOPLIST_KEY_UIApplicationSupportsIndirectInputEvents = YES;
				INFOPLIST_KEY_UILaunchScreen_Generation = YES;
				INFOPLIST_KEY_UISupportedInterfaceOrientations_iPad = "UIInterfaceOrientationPortrait UIInterfaceOrientationPortraitUpsideDown UIInterfaceOrientationLandscapeLeft UIInterfaceOrientationLandscapeRight";
				INFOPLIST_KEY_UISupportedInterfaceOrientations_iPhone = "UIInterfaceOrientationPortrait UIInterfaceOrientationLandscapeLeft UIInterfaceOrientationLandscapeRight";
				IPHONEOS_DEPLOYMENT_TARGET = 18.0;
				LD_RUNPATH_SEARCH_PATHS = (
					"$(inherited)",
					"@executable_path/Frameworks",
				);
				MARKETING_VERSION = 1.0;
				PRODUCT_BUNDLE_IDENTIFIER = Robotion.LifespanArduino;
				PRODUCT_NAME = TreadSpan;
				SWIFT_EMIT_LOC_STRINGS = YES;
				SWIFT_VERSION = 5.0;
				TARGETED_DEVICE_FAMILY = "1,2";
			};
			name = Debug;
		};
		2598E5162D419C8700ED5595 /* Release */ = {
			isa = XCBuildConfiguration;
			buildSettings = {
				ASSETCATALOG_COMPILER_APPICON_NAME = AppIcon;
				ASSETCATALOG_COMPILER_GLOBAL_ACCENT_COLOR_NAME = AccentColor;
				CODE_SIGN_ENTITLEMENTS = LifespanArduino/LifespanArduino.entitlements;
				CODE_SIGN_STYLE = Automatic;
				CURRENT_PROJECT_VERSION = 1;
				DEVELOPMENT_ASSET_PATHS = "\"LifespanArduino/Preview Content\"";
				DEVELOPMENT_TEAM = 6KSF5CJPD6;
				ENABLE_PREVIEWS = YES;
				GENERATE_INFOPLIST_FILE = YES;
				INFOPLIST_KEY_LSApplicationCategoryType = "public.app-category.healthcare-fitness";
				INFOPLIST_KEY_NSBluetoothAlwaysUsageDescription = "This app uses Bluetooth to connect to the arduino micro data logger and sync sessions.";
				INFOPLIST_KEY_NSBluetoothPeripheralUsageDescription = "This app uses Bluetooth to connect to your treadmill and sync sessions.";
				INFOPLIST_KEY_NSHealthShareUsageDescription = "This app gets step counts so it can show you a percentage of how many steps you did via your treadmill vs how many you did via other sources.";
				INFOPLIST_KEY_NSHealthUpdateUsageDescription = "This app writes steps from your treadmill that were logged by the Arduino hardware to HealthKit.";
				INFOPLIST_KEY_UIApplicationSceneManifest_Generation = YES;
				INFOPLIST_KEY_UIApplicationSupportsIndirectInputEvents = YES;
				INFOPLIST_KEY_UILaunchScreen_Generation = YES;
				INFOPLIST_KEY_UISupportedInterfaceOrientations_iPad = "UIInterfaceOrientationPortrait UIInterfaceOrientationPortraitUpsideDown UIInterfaceOrientationLandscapeLeft UIInterfaceOrientationLandscapeRight";
				INFOPLIST_KEY_UISupportedInterfaceOrientations_iPhone = "UIInterfaceOrientationPortrait UIInterfaceOrientationLandscapeLeft UIInterfaceOrientationLandscapeRight";
				IPHONEOS_DEPLOYMENT_TARGET = 18.0;
				LD_RUNPATH_SEARCH_PATHS = (
					"$(inherited)",
					"@executable_path/Frameworks",
				);
				MARKETING_VERSION = 1.0;
				PRODUCT_BUNDLE_IDENTIFIER = Robotion.LifespanArduino;
				PRODUCT_NAME = TreadSpan;
				SWIFT_EMIT_LOC_STRINGS = YES;
				SWIFT_VERSION = 5.0;
				TARGETED_DEVICE_FAMILY = "1,2";
			};
			name = Release;
		};
		2598E5182D419C8700ED5595 /* Debug */ = {
			isa = XCBuildConfiguration;
			buildSettings = {
				BUNDLE_LOADER = "$(TEST_HOST)";
				CODE_SIGN_STYLE = Automatic;
				CURRENT_PROJECT_VERSION = 1;
				DEVELOPMENT_TEAM = 6KSF5CJPD6;
				GENERATE_INFOPLIST_FILE = YES;
				IPHONEOS_DEPLOYMENT_TARGET = 18.2;
				MARKETING_VERSION = 1.0;
				PRODUCT_BUNDLE_IDENTIFIER = Robotion.LifespanArduinoTests;
				PRODUCT_NAME = "$(TARGET_NAME)";
				SWIFT_EMIT_LOC_STRINGS = NO;
				SWIFT_VERSION = 5.0;
				TARGETED_DEVICE_FAMILY = "1,2";
				TEST_HOST = "$(BUILT_PRODUCTS_DIR)/LifespanArduino.app/$(BUNDLE_EXECUTABLE_FOLDER_PATH)/LifespanArduino";
			};
			name = Debug;
		};
		2598E5192D419C8700ED5595 /* Release */ = {
			isa = XCBuildConfiguration;
			buildSettings = {
				BUNDLE_LOADER = "$(TEST_HOST)";
				CODE_SIGN_STYLE = Automatic;
				CURRENT_PROJECT_VERSION = 1;
				DEVELOPMENT_TEAM = 6KSF5CJPD6;
				GENERATE_INFOPLIST_FILE = YES;
				IPHONEOS_DEPLOYMENT_TARGET = 18.2;
				MARKETING_VERSION = 1.0;
				PRODUCT_BUNDLE_IDENTIFIER = Robotion.LifespanArduinoTests;
				PRODUCT_NAME = "$(TARGET_NAME)";
				SWIFT_EMIT_LOC_STRINGS = NO;
				SWIFT_VERSION = 5.0;
				TARGETED_DEVICE_FAMILY = "1,2";
				TEST_HOST = "$(BUILT_PRODUCTS_DIR)/LifespanArduino.app/$(BUNDLE_EXECUTABLE_FOLDER_PATH)/LifespanArduino";
			};
			name = Release;
		};
		2598E51B2D419C8700ED5595 /* Debug */ = {
			isa = XCBuildConfiguration;
			buildSettings = {
				CODE_SIGN_STYLE = Automatic;
				CURRENT_PROJECT_VERSION = 1;
				DEVELOPMENT_TEAM = 6KSF5CJPD6;
				GENERATE_INFOPLIST_FILE = YES;
				MARKETING_VERSION = 1.0;
				PRODUCT_BUNDLE_IDENTIFIER = Robotion.LifespanArduinoUITests;
				PRODUCT_NAME = "$(TARGET_NAME)";
				SWIFT_EMIT_LOC_STRINGS = NO;
				SWIFT_VERSION = 5.0;
				TARGETED_DEVICE_FAMILY = "1,2";
				TEST_TARGET_NAME = LifespanArduino;
			};
			name = Debug;
		};
		2598E51C2D419C8700ED5595 /* Release */ = {
			isa = XCBuildConfiguration;
			buildSettings = {
				CODE_SIGN_STYLE = Automatic;
				CURRENT_PROJECT_VERSION = 1;
				DEVELOPMENT_TEAM = 6KSF5CJPD6;
				GENERATE_INFOPLIST_FILE = YES;
				MARKETING_VERSION = 1.0;
				PRODUCT_BUNDLE_IDENTIFIER = Robotion.LifespanArduinoUITests;
				PRODUCT_NAME = "$(TARGET_NAME)";
				SWIFT_EMIT_LOC_STRINGS = NO;
				SWIFT_VERSION = 5.0;
				TARGETED_DEVICE_FAMILY = "1,2";
				TEST_TARGET_NAME = LifespanArduino;
			};
			name = Release;
		};
/* End XCBuildConfiguration section */

/* Begin XCConfigurationList section */
		2598E4EB2D419C8500ED5595 /* Build configuration list for PBXProject "LifespanArduino" */ = {
			isa = XCConfigurationList;
			buildConfigurations = (
				2598E5122D419C8700ED5595 /* Debug */,
				2598E5132D419C8700ED5595 /* Release */,
			);
			defaultConfigurationIsVisible = 0;
			defaultConfigurationName = Release;
		};
		2598E5142D419C8700ED5595 /* Build configuration list for PBXNativeTarget "TreadSpan" */ = {
			isa = XCConfigurationList;
			buildConfigurations = (
				2598E5152D419C8700ED5595 /* Debug */,
				2598E5162D419C8700ED5595 /* Release */,
			);
			defaultConfigurationIsVisible = 0;
			defaultConfigurationName = Release;
		};
		2598E5172D419C8700ED5595 /* Build configuration list for PBXNativeTarget "LifespanArduinoTests" */ = {
			isa = XCConfigurationList;
			buildConfigurations = (
				2598E5182D419C8700ED5595 /* Debug */,
				2598E5192D419C8700ED5595 /* Release */,
			);
			defaultConfigurationIsVisible = 0;
			defaultConfigurationName = Release;
		};
		2598E51A2D419C8700ED5595 /* Build configuration list for PBXNativeTarget "LifespanArduinoUITests" */ = {
			isa = XCConfigurationList;
			buildConfigurations = (
				2598E51B2D419C8700ED5595 /* Debug */,
				2598E51C2D419C8700ED5595 /* Release */,
			);
			defaultConfigurationIsVisible = 0;
			defaultConfigurationName = Release;
		};
/* End XCConfigurationList section */
	};
	rootObject = 2598E4E82D419C8500ED5595 /* Project object */;
}
